lockVersion: 2.0.0
id: 66f99777-b2f2-4e45-9581-501d199e5c0c
management:
  docChecksum: 0df832386c1fcd5f74fb87fea6d0e2b7
  docVersion: 0.4.0 .
  speakeasyVersion: 1.269.1
  generationVersion: 2.312.1
  releaseVersion: 7.13.0
  configChecksum: 7c474cc31cc5d5023084878b0c8a07be
  repoURL: https://github.com/speakeasy-api/speakeasy-client-sdk-java.git
  repoSubDirectory: .
  published: true
features:
  java:
    core: 3.18.0
    downloadStreams: 0.1.1
    examples: 2.81.3
    globalSecurity: 2.82.5
    globalServerURLs: 2.82.1
    globals: 2.82.1
    inputOutputModels: 2.83.0
    retries: 0.1.1
    serverIDs: 2.81.1
generatedFiles:
  - src/main/java/io/github/speakeasy_sdks_staging/javaclientsdk/SecuritySource.java
  - src/main/java/io/github/speakeasy_sdks_staging/javaclientsdk/SDKConfiguration.java
  - src/main/java/io/github/speakeasy_sdks_staging/javaclientsdk/Apis.java
  - src/main/java/io/github/speakeasy_sdks_staging/javaclientsdk/ApiEndpoints.java
  - src/main/java/io/github/speakeasy_sdks_staging/javaclientsdk/Metadata.java
  - src/main/java/io/github/speakeasy_sdks_staging/javaclientsdk/Schemas.java
  - src/main/java/io/github/speakeasy_sdks_staging/javaclientsdk/Artifacts.java
  - src/main/java/io/github/speakeasy_sdks_staging/javaclientsdk/Auth.java
  - src/main/java/io/github/speakeasy_sdks_staging/javaclientsdk/Requests.java
  - src/main/java/io/github/speakeasy_sdks_staging/javaclientsdk/Organizations.java
  - src/main/java/io/github/speakeasy_sdks_staging/javaclientsdk/Reports.java
  - src/main/java/io/github/speakeasy_sdks_staging/javaclientsdk/Embeds.java
  - src/main/java/io/github/speakeasy_sdks_staging/javaclientsdk/Events.java
  - src/main/java/io/github/speakeasy_sdks_staging/javaclientsdk/models/operations/DeleteApiRequestBuilder.java
  - src/main/java/io/github/speakeasy_sdks_staging/javaclientsdk/models/operations/GenerateOpenApiSpecRequestBuilder.java
  - src/main/java/io/github/speakeasy_sdks_staging/javaclientsdk/models/operations/GeneratePostmanCollectionRequestBuilder.java
  - src/main/java/io/github/speakeasy_sdks_staging/javaclientsdk/models/operations/GetAllApiVersionsRequestBuilder.java
  - src/main/java/io/github/speakeasy_sdks_staging/javaclientsdk/models/operations/GetApisRequestBuilder.java
  - src/main/java/io/github/speakeasy_sdks_staging/javaclientsdk/models/operations/UpsertApiRequestBuilder.java
  - src/main/java/io/github/speakeasy_sdks_staging/javaclientsdk/models/operations/DeleteApiEndpointRequestBuilder.java
  - src/main/java/io/github/speakeasy_sdks_staging/javaclientsdk/models/operations/FindApiEndpointRequestBuilder.java
  - src/main/java/io/github/speakeasy_sdks_staging/javaclientsdk/models/operations/GenerateOpenApiSpecForApiEndpointRequestBuilder.java
  - src/main/java/io/github/speakeasy_sdks_staging/javaclientsdk/models/operations/GeneratePostmanCollectionForApiEndpointRequestBuilder.java
  - src/main/java/io/github/speakeasy_sdks_staging/javaclientsdk/models/operations/GetAllApiEndpointsRequestBuilder.java
  - src/main/java/io/github/speakeasy_sdks_staging/javaclientsdk/models/operations/GetAllForVersionApiEndpointsRequestBuilder.java
  - src/main/java/io/github/speakeasy_sdks_staging/javaclientsdk/models/operations/GetApiEndpointRequestBuilder.java
  - src/main/java/io/github/speakeasy_sdks_staging/javaclientsdk/models/operations/UpsertApiEndpointRequestBuilder.java
  - src/main/java/io/github/speakeasy_sdks_staging/javaclientsdk/models/operations/DeleteVersionMetadataRequestBuilder.java
  - src/main/java/io/github/speakeasy_sdks_staging/javaclientsdk/models/operations/GetVersionMetadataRequestBuilder.java
  - src/main/java/io/github/speakeasy_sdks_staging/javaclientsdk/models/operations/InsertVersionMetadataRequestBuilder.java
  - src/main/java/io/github/speakeasy_sdks_staging/javaclientsdk/models/operations/DeleteSchemaRequestBuilder.java
  - src/main/java/io/github/speakeasy_sdks_staging/javaclientsdk/models/operations/DownloadSchemaRequestBuilder.java
  - src/main/java/io/github/speakeasy_sdks_staging/javaclientsdk/models/operations/DownloadSchemaRevisionRequestBuilder.java
  - src/main/java/io/github/speakeasy_sdks_staging/javaclientsdk/models/operations/GetSchemaRequestBuilder.java
  - src/main/java/io/github/speakeasy_sdks_staging/javaclientsdk/models/operations/GetSchemaDiffRequestBuilder.java
  - src/main/java/io/github/speakeasy_sdks_staging/javaclientsdk/models/operations/GetSchemaRevisionRequestBuilder.java
  - src/main/java/io/github/speakeasy_sdks_staging/javaclientsdk/models/operations/GetSchemasRequestBuilder.java
  - src/main/java/io/github/speakeasy_sdks_staging/javaclientsdk/models/operations/RegisterSchemaRequestBuilder.java
  - src/main/java/io/github/speakeasy_sdks_staging/javaclientsdk/models/operations/GetBlobRequestBuilder.java
  - src/main/java/io/github/speakeasy_sdks_staging/javaclientsdk/models/operations/GetManifestRequestBuilder.java
  - src/main/java/io/github/speakeasy_sdks_staging/javaclientsdk/models/operations/GetNamespacesRequestBuilder.java
  - src/main/java/io/github/speakeasy_sdks_staging/javaclientsdk/models/operations/GetRevisionsRequestBuilder.java
  - src/main/java/io/github/speakeasy_sdks_staging/javaclientsdk/models/operations/GetTagsRequestBuilder.java
  - src/main/java/io/github/speakeasy_sdks_staging/javaclientsdk/models/operations/PreflightRequestBuilder.java
  - src/main/java/io/github/speakeasy_sdks_staging/javaclientsdk/models/operations/GetAccessTokenRequestBuilder.java
  - src/main/java/io/github/speakeasy_sdks_staging/javaclientsdk/models/operations/GetUserRequestBuilder.java
  - src/main/java/io/github/speakeasy_sdks_staging/javaclientsdk/models/operations/GetWorkspaceAccessRequestBuilder.java
  - src/main/java/io/github/speakeasy_sdks_staging/javaclientsdk/models/operations/ValidateApiKeyRequestBuilder.java
  - src/main/java/io/github/speakeasy_sdks_staging/javaclientsdk/models/operations/GenerateRequestPostmanCollectionRequestBuilder.java
  - src/main/java/io/github/speakeasy_sdks_staging/javaclientsdk/models/operations/GetRequestFromEventLogRequestBuilder.java
  - src/main/java/io/github/speakeasy_sdks_staging/javaclientsdk/models/operations/QueryEventLogRequestBuilder.java
  - src/main/java/io/github/speakeasy_sdks_staging/javaclientsdk/models/operations/GetOrganizationsRequestBuilder.java
  - src/main/java/io/github/speakeasy_sdks_staging/javaclientsdk/models/operations/GetChangesReportSignedUrlRequestBuilder.java
  - src/main/java/io/github/speakeasy_sdks_staging/javaclientsdk/models/operations/GetLintingReportSignedUrlRequestBuilder.java
  - src/main/java/io/github/speakeasy_sdks_staging/javaclientsdk/models/operations/UploadReportRequestBuilder.java
  - src/main/java/io/github/speakeasy_sdks_staging/javaclientsdk/models/operations/GetEmbedAccessTokenRequestBuilder.java
  - src/main/java/io/github/speakeasy_sdks_staging/javaclientsdk/models/operations/GetValidEmbedAccessTokensRequestBuilder.java
  - src/main/java/io/github/speakeasy_sdks_staging/javaclientsdk/models/operations/RevokeEmbedAccessTokenRequestBuilder.java
  - src/main/java/io/github/speakeasy_sdks_staging/javaclientsdk/models/operations/GetWorkspaceEventsRequestBuilder.java
  - src/main/java/io/github/speakeasy_sdks_staging/javaclientsdk/models/operations/GetWorkspaceEventsBySourceRevisionDigestRequestBuilder.java
  - src/main/java/io/github/speakeasy_sdks_staging/javaclientsdk/models/operations/GetWorkspaceTargetsRequestBuilder.java
  - src/main/java/io/github/speakeasy_sdks_staging/javaclientsdk/models/operations/PostWorkspaceEventsRequestBuilder.java
  - src/main/java/io/github/speakeasy_sdks_staging/javaclientsdk/models/operations/SDKMethodInterfaces.java
  - src/main/java/io/github/speakeasy_sdks_staging/javaclientsdk/SDK.java
  - .gitattributes
  - build.gradle
  - gradle/wrapper/gradle-wrapper.jar
  - gradle/wrapper/gradle-wrapper.properties
  - gradlew
  - gradlew.bat
  - settings.gradle
  - src/main/java/io/github/speakeasy_sdks_staging/javaclientsdk/utils/BackoffStrategy.java
  - src/main/java/io/github/speakeasy_sdks_staging/javaclientsdk/utils/BigDecimalString.java
  - src/main/java/io/github/speakeasy_sdks_staging/javaclientsdk/utils/BigIntegerString.java
  - src/main/java/io/github/speakeasy_sdks_staging/javaclientsdk/utils/Deserializers.java
  - src/main/java/io/github/speakeasy_sdks_staging/javaclientsdk/utils/FormMetadata.java
  - src/main/java/io/github/speakeasy_sdks_staging/javaclientsdk/utils/HTTPClient.java
  - src/main/java/io/github/speakeasy_sdks_staging/javaclientsdk/utils/HTTPRequest.java
  - src/main/java/io/github/speakeasy_sdks_staging/javaclientsdk/utils/HeaderMetadata.java
  - src/main/java/io/github/speakeasy_sdks_staging/javaclientsdk/utils/Hook.java
  - src/main/java/io/github/speakeasy_sdks_staging/javaclientsdk/utils/Hooks.java
  - src/main/java/io/github/speakeasy_sdks_staging/javaclientsdk/utils/JSON.java
  - src/main/java/io/github/speakeasy_sdks_staging/javaclientsdk/utils/LazySingletonValue.java
  - src/main/java/io/github/speakeasy_sdks_staging/javaclientsdk/utils/Metadata.java
  - src/main/java/io/github/speakeasy_sdks_staging/javaclientsdk/utils/MultipartFormMetadata.java
  - src/main/java/io/github/speakeasy_sdks_staging/javaclientsdk/utils/OneOfDeserializer.java
  - src/main/java/io/github/speakeasy_sdks_staging/javaclientsdk/utils/Options.java
  - src/main/java/io/github/speakeasy_sdks_staging/javaclientsdk/utils/PathParamsMetadata.java
  - src/main/java/io/github/speakeasy_sdks_staging/javaclientsdk/utils/QueryParameters.java
  - src/main/java/io/github/speakeasy_sdks_staging/javaclientsdk/utils/QueryParamsMetadata.java
  - src/main/java/io/github/speakeasy_sdks_staging/javaclientsdk/utils/RequestBody.java
  - src/main/java/io/github/speakeasy_sdks_staging/javaclientsdk/utils/RequestMetadata.java
  - src/main/java/io/github/speakeasy_sdks_staging/javaclientsdk/utils/Response.java
  - src/main/java/io/github/speakeasy_sdks_staging/javaclientsdk/utils/Retries.java
  - src/main/java/io/github/speakeasy_sdks_staging/javaclientsdk/utils/RetryConfig.java
  - src/main/java/io/github/speakeasy_sdks_staging/javaclientsdk/utils/Security.java
  - src/main/java/io/github/speakeasy_sdks_staging/javaclientsdk/utils/SecurityMetadata.java
  - src/main/java/io/github/speakeasy_sdks_staging/javaclientsdk/utils/SerializedBody.java
  - src/main/java/io/github/speakeasy_sdks_staging/javaclientsdk/utils/SpeakeasyHTTPClient.java
  - src/main/java/io/github/speakeasy_sdks_staging/javaclientsdk/utils/SpeakeasyMetadata.java
  - src/main/java/io/github/speakeasy_sdks_staging/javaclientsdk/utils/TypedObject.java
  - src/main/java/io/github/speakeasy_sdks_staging/javaclientsdk/utils/Types.java
  - src/main/java/io/github/speakeasy_sdks_staging/javaclientsdk/utils/Utils.java
  - src/main/java/io/github/speakeasy_sdks_staging/javaclientsdk/models/errors/SDKError.java
  - src/main/java/io/github/speakeasy_sdks_staging/javaclientsdk/models/operations/DeleteApiRequest.java
  - src/main/java/io/github/speakeasy_sdks_staging/javaclientsdk/models/operations/DeleteApiResponse.java
  - src/main/java/io/github/speakeasy_sdks_staging/javaclientsdk/models/operations/GenerateOpenApiSpecRequest.java
  - src/main/java/io/github/speakeasy_sdks_staging/javaclientsdk/models/operations/GenerateOpenApiSpecResponse.java
  - src/main/java/io/github/speakeasy_sdks_staging/javaclientsdk/models/operations/GeneratePostmanCollectionRequest.java
  - src/main/java/io/github/speakeasy_sdks_staging/javaclientsdk/models/operations/GeneratePostmanCollectionResponse.java
  - src/main/java/io/github/speakeasy_sdks_staging/javaclientsdk/models/operations/Op.java
  - src/main/java/io/github/speakeasy_sdks_staging/javaclientsdk/models/operations/GetAllApiVersionsRequest.java
  - src/main/java/io/github/speakeasy_sdks_staging/javaclientsdk/models/operations/GetAllApiVersionsResponse.java
  - src/main/java/io/github/speakeasy_sdks_staging/javaclientsdk/models/operations/QueryParamOp.java
  - src/main/java/io/github/speakeasy_sdks_staging/javaclientsdk/models/operations/GetApisRequest.java
  - src/main/java/io/github/speakeasy_sdks_staging/javaclientsdk/models/operations/GetApisResponse.java
  - src/main/java/io/github/speakeasy_sdks_staging/javaclientsdk/models/operations/UpsertApiRequest.java
  - src/main/java/io/github/speakeasy_sdks_staging/javaclientsdk/models/operations/UpsertApiResponse.java
  - src/main/java/io/github/speakeasy_sdks_staging/javaclientsdk/models/operations/DeleteApiEndpointRequest.java
  - src/main/java/io/github/speakeasy_sdks_staging/javaclientsdk/models/operations/DeleteApiEndpointResponse.java
  - src/main/java/io/github/speakeasy_sdks_staging/javaclientsdk/models/operations/FindApiEndpointRequest.java
  - src/main/java/io/github/speakeasy_sdks_staging/javaclientsdk/models/operations/FindApiEndpointResponse.java
  - src/main/java/io/github/speakeasy_sdks_staging/javaclientsdk/models/operations/GenerateOpenApiSpecForApiEndpointRequest.java
  - src/main/java/io/github/speakeasy_sdks_staging/javaclientsdk/models/operations/GenerateOpenApiSpecForApiEndpointResponse.java
  - src/main/java/io/github/speakeasy_sdks_staging/javaclientsdk/models/operations/GeneratePostmanCollectionForApiEndpointRequest.java
  - src/main/java/io/github/speakeasy_sdks_staging/javaclientsdk/models/operations/GeneratePostmanCollectionForApiEndpointResponse.java
  - src/main/java/io/github/speakeasy_sdks_staging/javaclientsdk/models/operations/GetAllApiEndpointsRequest.java
  - src/main/java/io/github/speakeasy_sdks_staging/javaclientsdk/models/operations/GetAllApiEndpointsResponse.java
  - src/main/java/io/github/speakeasy_sdks_staging/javaclientsdk/models/operations/GetAllForVersionApiEndpointsRequest.java
  - src/main/java/io/github/speakeasy_sdks_staging/javaclientsdk/models/operations/GetAllForVersionApiEndpointsResponse.java
  - src/main/java/io/github/speakeasy_sdks_staging/javaclientsdk/models/operations/GetApiEndpointRequest.java
  - src/main/java/io/github/speakeasy_sdks_staging/javaclientsdk/models/operations/GetApiEndpointResponse.java
  - src/main/java/io/github/speakeasy_sdks_staging/javaclientsdk/models/operations/UpsertApiEndpointRequest.java
  - src/main/java/io/github/speakeasy_sdks_staging/javaclientsdk/models/operations/UpsertApiEndpointResponse.java
  - src/main/java/io/github/speakeasy_sdks_staging/javaclientsdk/models/operations/DeleteVersionMetadataRequest.java
  - src/main/java/io/github/speakeasy_sdks_staging/javaclientsdk/models/operations/DeleteVersionMetadataResponse.java
  - src/main/java/io/github/speakeasy_sdks_staging/javaclientsdk/models/operations/GetVersionMetadataRequest.java
  - src/main/java/io/github/speakeasy_sdks_staging/javaclientsdk/models/operations/GetVersionMetadataResponse.java
  - src/main/java/io/github/speakeasy_sdks_staging/javaclientsdk/models/operations/InsertVersionMetadataRequest.java
  - src/main/java/io/github/speakeasy_sdks_staging/javaclientsdk/models/operations/InsertVersionMetadataResponse.java
  - src/main/java/io/github/speakeasy_sdks_staging/javaclientsdk/models/operations/DeleteSchemaRequest.java
  - src/main/java/io/github/speakeasy_sdks_staging/javaclientsdk/models/operations/DeleteSchemaResponse.java
  - src/main/java/io/github/speakeasy_sdks_staging/javaclientsdk/models/operations/DownloadSchemaRequest.java
  - src/main/java/io/github/speakeasy_sdks_staging/javaclientsdk/models/operations/DownloadSchemaResponse.java
  - src/main/java/io/github/speakeasy_sdks_staging/javaclientsdk/models/operations/DownloadSchemaRevisionRequest.java
  - src/main/java/io/github/speakeasy_sdks_staging/javaclientsdk/models/operations/DownloadSchemaRevisionResponse.java
  - src/main/java/io/github/speakeasy_sdks_staging/javaclientsdk/models/operations/GetSchemaRequest.java
  - src/main/java/io/github/speakeasy_sdks_staging/javaclientsdk/models/operations/GetSchemaResponse.java
  - src/main/java/io/github/speakeasy_sdks_staging/javaclientsdk/models/operations/GetSchemaDiffRequest.java
  - src/main/java/io/github/speakeasy_sdks_staging/javaclientsdk/models/operations/GetSchemaDiffResponse.java
  - src/main/java/io/github/speakeasy_sdks_staging/javaclientsdk/models/operations/GetSchemaRevisionRequest.java
  - src/main/java/io/github/speakeasy_sdks_staging/javaclientsdk/models/operations/GetSchemaRevisionResponse.java
  - src/main/java/io/github/speakeasy_sdks_staging/javaclientsdk/models/operations/GetSchemasRequest.java
  - src/main/java/io/github/speakeasy_sdks_staging/javaclientsdk/models/operations/GetSchemasResponse.java
  - src/main/java/io/github/speakeasy_sdks_staging/javaclientsdk/models/operations/RegisterSchemaFile.java
  - src/main/java/io/github/speakeasy_sdks_staging/javaclientsdk/models/operations/RegisterSchemaRequestBody.java
  - src/main/java/io/github/speakeasy_sdks_staging/javaclientsdk/models/operations/RegisterSchemaRequest.java
  - src/main/java/io/github/speakeasy_sdks_staging/javaclientsdk/models/operations/RegisterSchemaResponse.java
  - src/main/java/io/github/speakeasy_sdks_staging/javaclientsdk/models/operations/GetBlobRequest.java
  - src/main/java/io/github/speakeasy_sdks_staging/javaclientsdk/models/operations/GetBlobResponse.java
  - src/main/java/io/github/speakeasy_sdks_staging/javaclientsdk/models/operations/GetManifestRequest.java
  - src/main/java/io/github/speakeasy_sdks_staging/javaclientsdk/models/operations/GetManifestResponse.java
  - src/main/java/io/github/speakeasy_sdks_staging/javaclientsdk/models/operations/GetNamespacesResponse.java
  - src/main/java/io/github/speakeasy_sdks_staging/javaclientsdk/models/operations/GetRevisionsRequest.java
  - src/main/java/io/github/speakeasy_sdks_staging/javaclientsdk/models/operations/GetRevisionsResponse.java
  - src/main/java/io/github/speakeasy_sdks_staging/javaclientsdk/models/operations/GetTagsRequest.java
  - src/main/java/io/github/speakeasy_sdks_staging/javaclientsdk/models/operations/GetTagsResponse.java
  - src/main/java/io/github/speakeasy_sdks_staging/javaclientsdk/models/operations/PreflightResponse.java
  - src/main/java/io/github/speakeasy_sdks_staging/javaclientsdk/models/operations/GetAccessTokenRequest.java
  - src/main/java/io/github/speakeasy_sdks_staging/javaclientsdk/models/operations/GetAccessTokenResponse.java
  - src/main/java/io/github/speakeasy_sdks_staging/javaclientsdk/models/operations/GetUserResponse.java
  - src/main/java/io/github/speakeasy_sdks_staging/javaclientsdk/models/operations/GetWorkspaceAccessRequest.java
  - src/main/java/io/github/speakeasy_sdks_staging/javaclientsdk/models/operations/GetWorkspaceAccessResponse.java
  - src/main/java/io/github/speakeasy_sdks_staging/javaclientsdk/models/operations/ValidateApiKeyResponse.java
  - src/main/java/io/github/speakeasy_sdks_staging/javaclientsdk/models/operations/GenerateRequestPostmanCollectionRequest.java
  - src/main/java/io/github/speakeasy_sdks_staging/javaclientsdk/models/operations/GenerateRequestPostmanCollectionResponse.java
  - src/main/java/io/github/speakeasy_sdks_staging/javaclientsdk/models/operations/GetRequestFromEventLogRequest.java
  - src/main/java/io/github/speakeasy_sdks_staging/javaclientsdk/models/operations/GetRequestFromEventLogResponse.java
  - src/main/java/io/github/speakeasy_sdks_staging/javaclientsdk/models/operations/QueryEventLogRequest.java
  - src/main/java/io/github/speakeasy_sdks_staging/javaclientsdk/models/operations/QueryEventLogResponse.java
  - src/main/java/io/github/speakeasy_sdks_staging/javaclientsdk/models/operations/GetOrganizationsResponse.java
  - src/main/java/io/github/speakeasy_sdks_staging/javaclientsdk/models/operations/GetChangesReportSignedUrlRequest.java
  - src/main/java/io/github/speakeasy_sdks_staging/javaclientsdk/models/operations/GetChangesReportSignedUrlSignedAccess.java
  - src/main/java/io/github/speakeasy_sdks_staging/javaclientsdk/models/operations/GetChangesReportSignedUrlResponse.java
  - src/main/java/io/github/speakeasy_sdks_staging/javaclientsdk/models/operations/GetLintingReportSignedUrlRequest.java
  - src/main/java/io/github/speakeasy_sdks_staging/javaclientsdk/models/operations/GetLintingReportSignedUrlSignedAccess.java
  - src/main/java/io/github/speakeasy_sdks_staging/javaclientsdk/models/operations/GetLintingReportSignedUrlResponse.java
  - src/main/java/io/github/speakeasy_sdks_staging/javaclientsdk/models/operations/File.java
  - src/main/java/io/github/speakeasy_sdks_staging/javaclientsdk/models/operations/UploadReportRequestBody.java
  - src/main/java/io/github/speakeasy_sdks_staging/javaclientsdk/models/operations/UploadReportUploadedReport.java
  - src/main/java/io/github/speakeasy_sdks_staging/javaclientsdk/models/operations/UploadReportResponse.java
  - src/main/java/io/github/speakeasy_sdks_staging/javaclientsdk/models/operations/GetEmbedAccessTokenRequest.java
  - src/main/java/io/github/speakeasy_sdks_staging/javaclientsdk/models/operations/GetEmbedAccessTokenResponse.java
  - src/main/java/io/github/speakeasy_sdks_staging/javaclientsdk/models/operations/GetValidEmbedAccessTokensResponse.java
  - src/main/java/io/github/speakeasy_sdks_staging/javaclientsdk/models/operations/RevokeEmbedAccessTokenRequest.java
  - src/main/java/io/github/speakeasy_sdks_staging/javaclientsdk/models/operations/RevokeEmbedAccessTokenResponse.java
  - src/main/java/io/github/speakeasy_sdks_staging/javaclientsdk/models/operations/GetWorkspaceEventsRequest.java
  - src/main/java/io/github/speakeasy_sdks_staging/javaclientsdk/models/operations/GetWorkspaceEventsResponse.java
  - src/main/java/io/github/speakeasy_sdks_staging/javaclientsdk/models/operations/GetWorkspaceEventsBySourceRevisionDigestRequest.java
  - src/main/java/io/github/speakeasy_sdks_staging/javaclientsdk/models/operations/GetWorkspaceEventsBySourceRevisionDigestResponse.java
  - src/main/java/io/github/speakeasy_sdks_staging/javaclientsdk/models/operations/GetWorkspaceTargetsRequest.java
  - src/main/java/io/github/speakeasy_sdks_staging/javaclientsdk/models/operations/GetWorkspaceTargetsResponse.java
  - src/main/java/io/github/speakeasy_sdks_staging/javaclientsdk/models/operations/PostWorkspaceEventsRequest.java
  - src/main/java/io/github/speakeasy_sdks_staging/javaclientsdk/models/operations/PostWorkspaceEventsResponse.java
  - src/main/java/io/github/speakeasy_sdks_staging/javaclientsdk/models/errors/Error.java
  - src/main/java/io/github/speakeasy_sdks_staging/javaclientsdk/models/shared/GenerateOpenApiSpecDiff.java
  - src/main/java/io/github/speakeasy_sdks_staging/javaclientsdk/models/shared/Api.java
  - src/main/java/io/github/speakeasy_sdks_staging/javaclientsdk/models/shared/ApiInput.java
  - src/main/java/io/github/speakeasy_sdks_staging/javaclientsdk/models/shared/ApiEndpoint.java
  - src/main/java/io/github/speakeasy_sdks_staging/javaclientsdk/models/shared/ApiEndpointInput.java
  - src/main/java/io/github/speakeasy_sdks_staging/javaclientsdk/models/shared/VersionMetadata.java
  - src/main/java/io/github/speakeasy_sdks_staging/javaclientsdk/models/shared/VersionMetadataInput.java
  - src/main/java/io/github/speakeasy_sdks_staging/javaclientsdk/models/shared/Schema.java
  - src/main/java/io/github/speakeasy_sdks_staging/javaclientsdk/models/shared/ValueChange.java
  - src/main/java/io/github/speakeasy_sdks_staging/javaclientsdk/models/shared/SchemaDiff.java
  - src/main/java/io/github/speakeasy_sdks_staging/javaclientsdk/models/shared/Manifest.java
  - src/main/java/io/github/speakeasy_sdks_staging/javaclientsdk/models/shared/V2Descriptor.java
  - src/main/java/io/github/speakeasy_sdks_staging/javaclientsdk/models/shared/Annotations.java
  - src/main/java/io/github/speakeasy_sdks_staging/javaclientsdk/models/shared/GetNamespacesResponse.java
  - src/main/java/io/github/speakeasy_sdks_staging/javaclientsdk/models/shared/Namespace.java
  - src/main/java/io/github/speakeasy_sdks_staging/javaclientsdk/models/shared/GetRevisionsResponse.java
  - src/main/java/io/github/speakeasy_sdks_staging/javaclientsdk/models/shared/Revision.java
  - src/main/java/io/github/speakeasy_sdks_staging/javaclientsdk/models/shared/GetTagsResponse.java
  - src/main/java/io/github/speakeasy_sdks_staging/javaclientsdk/models/shared/Tag.java
  - src/main/java/io/github/speakeasy_sdks_staging/javaclientsdk/models/shared/PreflightToken.java
  - src/main/java/io/github/speakeasy_sdks_staging/javaclientsdk/models/shared/PreflightRequest.java
  - src/main/java/io/github/speakeasy_sdks_staging/javaclientsdk/models/shared/Claims.java
  - src/main/java/io/github/speakeasy_sdks_staging/javaclientsdk/models/shared/AccessTokenUser.java
  - src/main/java/io/github/speakeasy_sdks_staging/javaclientsdk/models/shared/AccessTokenAccountType.java
  - src/main/java/io/github/speakeasy_sdks_staging/javaclientsdk/models/shared/Workspaces.java
  - src/main/java/io/github/speakeasy_sdks_staging/javaclientsdk/models/shared/AccessToken.java
  - src/main/java/io/github/speakeasy_sdks_staging/javaclientsdk/models/shared/User.java
  - src/main/java/io/github/speakeasy_sdks_staging/javaclientsdk/models/shared/Level.java
  - src/main/java/io/github/speakeasy_sdks_staging/javaclientsdk/models/shared/AccessDetails.java
  - src/main/java/io/github/speakeasy_sdks_staging/javaclientsdk/models/shared/AccountType.java
  - src/main/java/io/github/speakeasy_sdks_staging/javaclientsdk/models/shared/FeatureFlags.java
  - src/main/java/io/github/speakeasy_sdks_staging/javaclientsdk/models/shared/ApiKeyDetails.java
  - src/main/java/io/github/speakeasy_sdks_staging/javaclientsdk/models/shared/UnboundedRequest.java
  - src/main/java/io/github/speakeasy_sdks_staging/javaclientsdk/models/shared/BoundedRequest.java
  - src/main/java/io/github/speakeasy_sdks_staging/javaclientsdk/models/shared/RequestMetadata.java
  - src/main/java/io/github/speakeasy_sdks_staging/javaclientsdk/models/shared/Filters.java
  - src/main/java/io/github/speakeasy_sdks_staging/javaclientsdk/models/shared/Filter.java
  - src/main/java/io/github/speakeasy_sdks_staging/javaclientsdk/models/shared/OrganizationAccountType.java
  - src/main/java/io/github/speakeasy_sdks_staging/javaclientsdk/models/shared/Organization.java
  - src/main/java/io/github/speakeasy_sdks_staging/javaclientsdk/models/shared/Type.java
  - src/main/java/io/github/speakeasy_sdks_staging/javaclientsdk/models/shared/Report.java
  - src/main/java/io/github/speakeasy_sdks_staging/javaclientsdk/models/shared/EmbedAccessTokenResponse.java
  - src/main/java/io/github/speakeasy_sdks_staging/javaclientsdk/models/shared/EmbedToken.java
  - src/main/java/io/github/speakeasy_sdks_staging/javaclientsdk/models/shared/GenerateBumpType.java
  - src/main/java/io/github/speakeasy_sdks_staging/javaclientsdk/models/shared/OpenapiDiffBumpType.java
  - src/main/java/io/github/speakeasy_sdks_staging/javaclientsdk/models/shared/CliEvent.java
  - src/main/java/io/github/speakeasy_sdks_staging/javaclientsdk/models/shared/InteractionType.java
  - src/main/java/io/github/speakeasy_sdks_staging/javaclientsdk/models/shared/TargetSDK.java
  - src/main/java/io/github/speakeasy_sdks_staging/javaclientsdk/models/shared/Security.java
  - docs/models/operations/DeleteApiRequest.md
  - docs/models/operations/DeleteApiResponse.md
  - docs/models/operations/GenerateOpenApiSpecRequest.md
  - docs/models/operations/GenerateOpenApiSpecResponse.md
  - docs/models/operations/GeneratePostmanCollectionRequest.md
  - docs/models/operations/GeneratePostmanCollectionResponse.md
  - docs/models/operations/Op.md
  - docs/models/operations/GetAllApiVersionsRequest.md
  - docs/models/operations/GetAllApiVersionsResponse.md
  - docs/models/operations/QueryParamOp.md
  - docs/models/operations/GetApisRequest.md
  - docs/models/operations/GetApisResponse.md
  - docs/models/operations/UpsertApiRequest.md
  - docs/models/operations/UpsertApiResponse.md
  - docs/models/operations/DeleteApiEndpointRequest.md
  - docs/models/operations/DeleteApiEndpointResponse.md
  - docs/models/operations/FindApiEndpointRequest.md
  - docs/models/operations/FindApiEndpointResponse.md
  - docs/models/operations/GenerateOpenApiSpecForApiEndpointRequest.md
  - docs/models/operations/GenerateOpenApiSpecForApiEndpointResponse.md
  - docs/models/operations/GeneratePostmanCollectionForApiEndpointRequest.md
  - docs/models/operations/GeneratePostmanCollectionForApiEndpointResponse.md
  - docs/models/operations/GetAllApiEndpointsRequest.md
  - docs/models/operations/GetAllApiEndpointsResponse.md
  - docs/models/operations/GetAllForVersionApiEndpointsRequest.md
  - docs/models/operations/GetAllForVersionApiEndpointsResponse.md
  - docs/models/operations/GetApiEndpointRequest.md
  - docs/models/operations/GetApiEndpointResponse.md
  - docs/models/operations/UpsertApiEndpointRequest.md
  - docs/models/operations/UpsertApiEndpointResponse.md
  - docs/models/operations/DeleteVersionMetadataRequest.md
  - docs/models/operations/DeleteVersionMetadataResponse.md
  - docs/models/operations/GetVersionMetadataRequest.md
  - docs/models/operations/GetVersionMetadataResponse.md
  - docs/models/operations/InsertVersionMetadataRequest.md
  - docs/models/operations/InsertVersionMetadataResponse.md
  - docs/models/operations/DeleteSchemaRequest.md
  - docs/models/operations/DeleteSchemaResponse.md
  - docs/models/operations/DownloadSchemaRequest.md
  - docs/models/operations/DownloadSchemaResponse.md
  - docs/models/operations/DownloadSchemaRevisionRequest.md
  - docs/models/operations/DownloadSchemaRevisionResponse.md
  - docs/models/operations/GetSchemaRequest.md
  - docs/models/operations/GetSchemaResponse.md
  - docs/models/operations/GetSchemaDiffRequest.md
  - docs/models/operations/GetSchemaDiffResponse.md
  - docs/models/operations/GetSchemaRevisionRequest.md
  - docs/models/operations/GetSchemaRevisionResponse.md
  - docs/models/operations/GetSchemasRequest.md
  - docs/models/operations/GetSchemasResponse.md
  - docs/models/operations/RegisterSchemaFile.md
  - docs/models/operations/RegisterSchemaRequestBody.md
  - docs/models/operations/RegisterSchemaRequest.md
  - docs/models/operations/RegisterSchemaResponse.md
  - docs/models/operations/GetBlobRequest.md
  - docs/models/operations/GetBlobResponse.md
  - docs/models/operations/GetManifestRequest.md
  - docs/models/operations/GetManifestResponse.md
  - docs/models/operations/GetNamespacesResponse.md
  - docs/models/operations/GetRevisionsRequest.md
  - docs/models/operations/GetRevisionsResponse.md
  - docs/models/operations/GetTagsRequest.md
  - docs/models/operations/GetTagsResponse.md
  - docs/models/operations/PreflightResponse.md
  - docs/models/operations/GetAccessTokenRequest.md
  - docs/models/operations/GetAccessTokenResponse.md
  - docs/models/operations/GetUserResponse.md
  - docs/models/operations/GetWorkspaceAccessRequest.md
  - docs/models/operations/GetWorkspaceAccessResponse.md
  - docs/models/operations/ValidateApiKeyResponse.md
  - docs/models/operations/GenerateRequestPostmanCollectionRequest.md
  - docs/models/operations/GenerateRequestPostmanCollectionResponse.md
  - docs/models/operations/GetRequestFromEventLogRequest.md
  - docs/models/operations/GetRequestFromEventLogResponse.md
  - docs/models/operations/QueryEventLogRequest.md
  - docs/models/operations/QueryEventLogResponse.md
  - docs/models/operations/GetOrganizationsResponse.md
  - docs/models/operations/GetChangesReportSignedUrlRequest.md
  - docs/models/operations/GetChangesReportSignedUrlSignedAccess.md
  - docs/models/operations/GetChangesReportSignedUrlResponse.md
  - docs/models/operations/GetLintingReportSignedUrlRequest.md
  - docs/models/operations/GetLintingReportSignedUrlSignedAccess.md
  - docs/models/operations/GetLintingReportSignedUrlResponse.md
  - docs/models/operations/File.md
  - docs/models/operations/UploadReportRequestBody.md
  - docs/models/operations/UploadReportUploadedReport.md
  - docs/models/operations/UploadReportResponse.md
  - docs/models/operations/GetEmbedAccessTokenRequest.md
  - docs/models/operations/GetEmbedAccessTokenResponse.md
  - docs/models/operations/GetValidEmbedAccessTokensResponse.md
  - docs/models/operations/RevokeEmbedAccessTokenRequest.md
  - docs/models/operations/RevokeEmbedAccessTokenResponse.md
  - docs/models/operations/GetWorkspaceEventsRequest.md
  - docs/models/operations/GetWorkspaceEventsResponse.md
  - docs/models/operations/GetWorkspaceEventsBySourceRevisionDigestRequest.md
  - docs/models/operations/GetWorkspaceEventsBySourceRevisionDigestResponse.md
  - docs/models/operations/GetWorkspaceTargetsRequest.md
  - docs/models/operations/GetWorkspaceTargetsResponse.md
  - docs/models/operations/PostWorkspaceEventsRequest.md
  - docs/models/operations/PostWorkspaceEventsResponse.md
  - docs/models/errors/Error.md
  - docs/models/shared/GenerateOpenApiSpecDiff.md
  - docs/models/shared/Api.md
  - docs/models/shared/ApiInput.md
  - docs/models/shared/ApiEndpoint.md
  - docs/models/shared/ApiEndpointInput.md
  - docs/models/shared/VersionMetadata.md
  - docs/models/shared/VersionMetadataInput.md
  - docs/models/shared/Schema.md
  - docs/models/shared/ValueChange.md
  - docs/models/shared/SchemaDiff.md
  - docs/models/shared/Manifest.md
  - docs/models/shared/V2Descriptor.md
  - docs/models/shared/Annotations.md
  - docs/models/shared/GetNamespacesResponse.md
  - docs/models/shared/Namespace.md
  - docs/models/shared/GetRevisionsResponse.md
  - docs/models/shared/Revision.md
  - docs/models/shared/GetTagsResponse.md
  - docs/models/shared/Tag.md
  - docs/models/shared/PreflightToken.md
  - docs/models/shared/PreflightRequest.md
  - docs/models/shared/Claims.md
  - docs/models/shared/AccessTokenUser.md
  - docs/models/shared/AccessTokenAccountType.md
  - docs/models/shared/Workspaces.md
  - docs/models/shared/AccessToken.md
  - docs/models/shared/User.md
  - docs/models/shared/Level.md
  - docs/models/shared/AccessDetails.md
  - docs/models/shared/AccountType.md
  - docs/models/shared/FeatureFlags.md
  - docs/models/shared/ApiKeyDetails.md
  - docs/models/shared/UnboundedRequest.md
  - docs/models/shared/BoundedRequest.md
  - docs/models/shared/RequestMetadata.md
  - docs/models/shared/Filters.md
  - docs/models/shared/Filter.md
  - docs/models/shared/OrganizationAccountType.md
  - docs/models/shared/Organization.md
  - docs/models/shared/Type.md
  - docs/models/shared/Report.md
  - docs/models/shared/EmbedAccessTokenResponse.md
  - docs/models/shared/EmbedToken.md
  - docs/models/shared/GenerateBumpType.md
  - docs/models/shared/OpenapiDiffBumpType.md
  - docs/models/shared/CliEvent.md
  - docs/models/shared/InteractionType.md
  - docs/models/shared/TargetSDK.md
  - docs/models/shared/Security.md
  - docs/sdks/sdk/README.md
  - docs/sdks/apis/README.md
  - docs/sdks/apiendpoints/README.md
  - docs/sdks/metadata/README.md
  - docs/sdks/schemas/README.md
  - docs/sdks/artifacts/README.md
  - docs/sdks/auth/README.md
  - docs/sdks/requests/README.md
  - docs/sdks/organizations/README.md
  - docs/sdks/reports/README.md
  - docs/sdks/embeds/README.md
  - docs/sdks/events/README.md
  - USAGE.md
