speakeasyVersion: 1.390.7
sources:
    first-source: {}
    my-source:
        sourceNamespace: my-source
        sourceRevisionDigest: sha256:cc5396a4c0bd4521e59a62dfe9d55cd89236046f67e84b1488d81760d7a58f34
        sourceBlobDigest: sha256:a4bfd0ba65778a5104220868c475a6a29870a95c9018891ea04ffe956383d374
        tags:
            - latest
            - main
targets:
    java-target:
        source: my-source
        sourceNamespace: my-source
        sourceRevisionDigest: sha256:cc5396a4c0bd4521e59a62dfe9d55cd89236046f67e84b1488d81760d7a58f34
        sourceBlobDigest: sha256:a4bfd0ba65778a5104220868c475a6a29870a95c9018891ea04ffe956383d374
        codeSamplesNamespace: code-samples-java-java-target
        codeSamplesRevisionDigest: sha256:36ad2c9df4e9b4b9f3ef1d15b048e496d5e4e18d8b8b6088f47a6e9a8167077e
        outLocation: /github/workspace/repo
    py:
        source: first-source
        outLocation: /Users/robertcrumbaugh/code/speakeasy
    ts:
        source: first-source
        outLocation: ../test-sdk
workflow:
    workflowVersion: 1.0.0
    speakeasyVersion: latest
    sources:
        my-source:
            inputs:
                - location: https://docs.speakeasyapi.dev/openapi.yaml
            registry:
                location: registry.speakeasyapi.dev/speakeasy-self/speakeasy-self/my-source
    targets:
        java-target:
            target: java
            source: my-source
            publish:
                java:
                    ossrhUsername: $OSSRH_USERNAME
                    ossrhPassword: $OSSRH_PASSWORD
                    gpgSecretKey: $JAVA_GPG_SECRET_KEY
                    gpgPassPhrase: $JAVA_GPG_PASSPHRASE
                    useSonatypeLegacy: true
            codeSamples:
                output: codeSamples.yaml
                registry:
                    location: registry.speakeasyapi.dev/speakeasy-self/speakeasy-self/code-samples-java-java-target
