speakeasyVersion: 1.305.0
sources:
    first-source: {}
    my-source:
        sourceNamespace: my-source
        sourceRevisionDigest: sha256:d08660adb7d003f3f96dfdf4ab8cfdda0720eb3282df046bd21d0d9e4c98accf
        sourceBlobDigest: sha256:ff16330e0c7ba774b3e27cfc9f3ee5d75bf59ac6e36b6fbfc53b8c51175a93ec
        tags:
            - latest
            - main
targets:
    java-target:
        source: my-source
        sourceNamespace: my-source
        sourceRevisionDigest: sha256:d08660adb7d003f3f96dfdf4ab8cfdda0720eb3282df046bd21d0d9e4c98accf
        sourceBlobDigest: sha256:ff16330e0c7ba774b3e27cfc9f3ee5d75bf59ac6e36b6fbfc53b8c51175a93ec
        codeSamplesNamespace: java-codesamples
        codeSamplesRevisionDigest: sha256:90a0abb0ead211df98afb54aba384a74c0ecfb3442b599923ea9e4e04432e45e
        outLocation: /github/workspace/repo
    py:
        source: first-source
        outLocation: /Users/robertcrumbaugh/code/speakeasy
    ts:
        source: first-source
        outLocation: ../test-sdk
workflow:
    workflowVersion: 1.0.0
    speakeasyVersion: latest
    sources:
        my-source:
            inputs:
                - location: https://docs.speakeasyapi.dev/openapi.yaml
            registry:
                location: registry.speakeasyapi.dev/speakeasy-self/speakeasy-self/my-source
    targets:
        java-target:
            target: java
            source: my-source
            publish:
                java:
                    ossrhUsername: $OSSRH_USERNAME
                    ossrhPassword: $OSSRH_PASSWORD
                    gpgSecretKey: $JAVA_GPG_SECRET_KEY
                    gpgPassPhrase: $JAVA_GPG_PASSPHRASE
            codeSamples:
                output: ""
                registry:
                    location: registry.speakeasyapi.dev/speakeasy-self/speakeasy-self/java-codesamples
