speakeasyVersion: 1.390.7
sources:
    first-source: {}
    my-source:
        sourceNamespace: my-source
        sourceRevisionDigest: sha256:3e50e49f446a75e8a8ae4955881d540d63548639212e3f16baf97118015b8406
        sourceBlobDigest: sha256:a4bfd0ba65778a5104220868c475a6a29870a95c9018891ea04ffe956383d374
        tags:
            - latest
            - main
targets:
    java-target:
        source: my-source
        sourceNamespace: my-source
        sourceRevisionDigest: sha256:3e50e49f446a75e8a8ae4955881d540d63548639212e3f16baf97118015b8406
        sourceBlobDigest: sha256:a4bfd0ba65778a5104220868c475a6a29870a95c9018891ea04ffe956383d374
        codeSamplesNamespace: code-samples-java-java-target
        codeSamplesRevisionDigest: sha256:14c29fc882819244bd0e768161d7900d3af910deef99cafd941a4343c2727a6b
        outLocation: /github/workspace/repo
    py:
        source: first-source
        outLocation: /Users/robertcrumbaugh/code/speakeasy
    ts:
        source: first-source
        outLocation: ../test-sdk
workflow:
    workflowVersion: 1.0.0
    speakeasyVersion: latest
    sources:
        my-source:
            inputs:
                - location: https://docs.speakeasyapi.dev/openapi.yaml
            registry:
                location: registry.speakeasyapi.dev/speakeasy-self/speakeasy-self/my-source
    targets:
        java-target:
            target: java
            source: my-source
            publish:
                java:
                    ossrhUsername: $OSSRH_USERNAME
                    ossrhPassword: $OSSRH_PASSWORD
                    gpgSecretKey: $JAVA_GPG_SECRET_KEY
                    gpgPassPhrase: $JAVA_GPG_PASSPHRASE
                    useSonatypeLegacy: true
            codeSamples:
                output: codeSamples.yaml
                registry:
                    location: registry.speakeasyapi.dev/speakeasy-self/speakeasy-self/code-samples-java-java-target
